
Microsoft Visual Studio Solution File, Format Version 12.00
# Visual Studio 15
VisualStudioVersion = 15.0.28307.1622
MinimumVisualStudioVersion = 10.0.40219.1
Project("{FAE04EC0-301F-11D3-BF4B-00C04F79EFBC}") = "ShopTranProj", "ShopTranProj\ShopTranProj.csproj", "{7EEC7D20-01B0-41DE-8125-C20AA6636527}"
EndProject
Global
	GlobalSection(SolutionConfigurationPlatforms) = preSolution
		Debug|Any CPU = Debug|Any CPU
		Release|Any CPU = Release|Any CPU
	EndGlobalSection
	GlobalSection(ProjectConfigurationPlatforms) = postSolution
		{7EEC7D20-01B0-41DE-8125-C20AA6636527}.Debug|Any CPU.ActiveCfg = Debug|Any CPU
		{7EEC7D20-01B0-41DE-8125-C20AA6636527}.Debug|Any CPU.Build.0 = Debug|Any CPU
		{7EEC7D20-01B0-41DE-8125-C20AA6636527}.Release|Any CPU.ActiveCfg = Release|Any CPU
		{7EEC7D20-01B0-41DE-8125-C20AA6636527}.Release|Any CPU.Build.0 = Release|Any CPU
	EndGlobalSection
	GlobalSection(SolutionProperties) = preSolution
		HideSolutionNode = FALSE
	EndGlobalSection
	GlobalSection(ExtensibilityGlobals) = postSolution
		SolutionGuid = {C1606226-347C-46BC-B78D-2379C4C23DB9}
	EndGlobalSection
EndGlobal
